
Microsoft Visual Studio Solution File, Format Version 12.00
# Visual Studio 15
VisualStudioVersion = 15.0.28307.572
MinimumVisualStudioVersion = 10.0.40219.1
Project("{2150E333-8FDC-42A3-9474-1A3956D46DE8}") = "Solve Me First", "Solve Me First", "{48663B45-229D-4C6C-86D9-1F62E4760F1A}"
EndProject
Project("{FAE04EC0-301F-11D3-BF4B-00C04F79EFBC}") = "Addition", "Addition\Addition.csproj", "{7565C34D-1368-44DD-9D94-B0150E8F42FF}"
EndProject
Global
	GlobalSection(SolutionConfigurationPlatforms) = preSolution
		Debug|Any CPU = Debug|Any CPU
		Release|Any CPU = Release|Any CPU
	EndGlobalSection
	GlobalSection(ProjectConfigurationPlatforms) = postSolution
		{7565C34D-1368-44DD-9D94-B0150E8F42FF}.Debug|Any CPU.ActiveCfg = Debug|Any CPU
		{7565C34D-1368-44DD-9D94-B0150E8F42FF}.Debug|Any CPU.Build.0 = Debug|Any CPU
		{7565C34D-1368-44DD-9D94-B0150E8F42FF}.Release|Any CPU.ActiveCfg = Release|Any CPU
		{7565C34D-1368-44DD-9D94-B0150E8F42FF}.Release|Any CPU.Build.0 = Release|Any CPU
	EndGlobalSection
	GlobalSection(SolutionProperties) = preSolution
		HideSolutionNode = FALSE
	EndGlobalSection
	GlobalSection(NestedProjects) = preSolution
		{7565C34D-1368-44DD-9D94-B0150E8F42FF} = {48663B45-229D-4C6C-86D9-1F62E4760F1A}
	EndGlobalSection
	GlobalSection(ExtensibilityGlobals) = postSolution
		SolutionGuid = {729E2CFF-6A84-4F3B-B69D-C1405640D16F}
	EndGlobalSection
EndGlobal
