
Microsoft Visual Studio Solution File, Format Version 12.00
# Visual Studio 15
VisualStudioVersion = 15.0.28307.572
MinimumVisualStudioVersion = 10.0.40219.1
Project("{2150E333-8FDC-42A3-9474-1A3956D46DE8}") = "Solve Me First", "Solve Me First", "{48663B45-229D-4C6C-86D9-1F62E4760F1A}"
EndProject
Project("{FAE04EC0-301F-11D3-BF4B-00C04F79EFBC}") = "Addition", "Addition\Addition.csproj", "{7565C34D-1368-44DD-9D94-B0150E8F42FF}"
EndProject
Project("{2150E333-8FDC-42A3-9474-1A3956D46DE8}") = "Sum of Array", "Sum of Array", "{EC3153F9-ECBF-44E5-99C3-73804EF1128E}"
EndProject
Project("{FAE04EC0-301F-11D3-BF4B-00C04F79EFBC}") = "Arraysum", "Arraysum\Arraysum.csproj", "{ECFD0F5D-58FC-47A8-A6E9-E9B2177A13F5}"
EndProject
Project("{2150E333-8FDC-42A3-9474-1A3956D46DE8}") = "Student Grade", "Student Grade", "{F3CDC49C-60FD-49C7-B4CE-6578F6C59A51}"
EndProject
Project("{FAE04EC0-301F-11D3-BF4B-00C04F79EFBC}") = "StudentGrade", "StudentGrade\StudentGrade.csproj", "{F945420F-DCE1-4B22-87C7-34D427E0B77E}"
EndProject
Project("{2150E333-8FDC-42A3-9474-1A3956D46DE8}") = "Apple Orange", "Apple Orange", "{A9D06280-380B-49BB-BB07-37A70F503CA7}"
EndProject
Project("{FAE04EC0-301F-11D3-BF4B-00C04F79EFBC}") = "AppleOrange", "AppleOrange\AppleOrange.csproj", "{7CBEE009-E357-48D5-BF39-8F655E09FF2F}"
EndProject
Project("{2150E333-8FDC-42A3-9474-1A3956D46DE8}") = "Divide sum array", "Divide sum array", "{C155B40F-0CA6-438A-BC2D-E4BD35C09C70}"
EndProject
Project("{FAE04EC0-301F-11D3-BF4B-00C04F79EFBC}") = "Divide sum array", "Divide sum array\Divide sum array.csproj", "{C1228B97-7CC7-4A18-BEB4-FB91A480575E}"
EndProject
Project("{2150E333-8FDC-42A3-9474-1A3956D46DE8}") = "Diagonal", "Diagonal", "{E0AD0580-5782-41E4-8D1F-8BC2A8579BB9}"
EndProject
Project("{FAE04EC0-301F-11D3-BF4B-00C04F79EFBC}") = "Diagonalprob", "Diagonalprob\Diagonalprob.csproj", "{3E1B920F-418C-4FC8-A769-72B546C8029C}"
EndProject
Project("{2150E333-8FDC-42A3-9474-1A3956D46DE8}") = "Staircase", "Staircase", "{CC1E7A90-4F41-4528-BB9A-ED4ADF94255A}"
EndProject
Project("{FAE04EC0-301F-11D3-BF4B-00C04F79EFBC}") = "Stair Case", "Stair Case\Stair Case.csproj", "{5C6FDB4D-6772-4457-90FB-1E85C4F8834F}"
EndProject
Global
	GlobalSection(SolutionConfigurationPlatforms) = preSolution
		Debug|Any CPU = Debug|Any CPU
		Release|Any CPU = Release|Any CPU
	EndGlobalSection
	GlobalSection(ProjectConfigurationPlatforms) = postSolution
		{7565C34D-1368-44DD-9D94-B0150E8F42FF}.Debug|Any CPU.ActiveCfg = Debug|Any CPU
		{7565C34D-1368-44DD-9D94-B0150E8F42FF}.Debug|Any CPU.Build.0 = Debug|Any CPU
		{7565C34D-1368-44DD-9D94-B0150E8F42FF}.Release|Any CPU.ActiveCfg = Release|Any CPU
		{7565C34D-1368-44DD-9D94-B0150E8F42FF}.Release|Any CPU.Build.0 = Release|Any CPU
		{ECFD0F5D-58FC-47A8-A6E9-E9B2177A13F5}.Debug|Any CPU.ActiveCfg = Debug|Any CPU
		{ECFD0F5D-58FC-47A8-A6E9-E9B2177A13F5}.Debug|Any CPU.Build.0 = Debug|Any CPU
		{ECFD0F5D-58FC-47A8-A6E9-E9B2177A13F5}.Release|Any CPU.ActiveCfg = Release|Any CPU
		{ECFD0F5D-58FC-47A8-A6E9-E9B2177A13F5}.Release|Any CPU.Build.0 = Release|Any CPU
		{F945420F-DCE1-4B22-87C7-34D427E0B77E}.Debug|Any CPU.ActiveCfg = Debug|Any CPU
		{F945420F-DCE1-4B22-87C7-34D427E0B77E}.Debug|Any CPU.Build.0 = Debug|Any CPU
		{F945420F-DCE1-4B22-87C7-34D427E0B77E}.Release|Any CPU.ActiveCfg = Release|Any CPU
		{F945420F-DCE1-4B22-87C7-34D427E0B77E}.Release|Any CPU.Build.0 = Release|Any CPU
		{7CBEE009-E357-48D5-BF39-8F655E09FF2F}.Debug|Any CPU.ActiveCfg = Debug|Any CPU
		{7CBEE009-E357-48D5-BF39-8F655E09FF2F}.Debug|Any CPU.Build.0 = Debug|Any CPU
		{7CBEE009-E357-48D5-BF39-8F655E09FF2F}.Release|Any CPU.ActiveCfg = Release|Any CPU
		{7CBEE009-E357-48D5-BF39-8F655E09FF2F}.Release|Any CPU.Build.0 = Release|Any CPU
		{C1228B97-7CC7-4A18-BEB4-FB91A480575E}.Debug|Any CPU.ActiveCfg = Debug|Any CPU
		{C1228B97-7CC7-4A18-BEB4-FB91A480575E}.Debug|Any CPU.Build.0 = Debug|Any CPU
		{C1228B97-7CC7-4A18-BEB4-FB91A480575E}.Release|Any CPU.ActiveCfg = Release|Any CPU
		{C1228B97-7CC7-4A18-BEB4-FB91A480575E}.Release|Any CPU.Build.0 = Release|Any CPU
		{3E1B920F-418C-4FC8-A769-72B546C8029C}.Debug|Any CPU.ActiveCfg = Debug|Any CPU
		{3E1B920F-418C-4FC8-A769-72B546C8029C}.Debug|Any CPU.Build.0 = Debug|Any CPU
		{3E1B920F-418C-4FC8-A769-72B546C8029C}.Release|Any CPU.ActiveCfg = Release|Any CPU
		{3E1B920F-418C-4FC8-A769-72B546C8029C}.Release|Any CPU.Build.0 = Release|Any CPU
		{5C6FDB4D-6772-4457-90FB-1E85C4F8834F}.Debug|Any CPU.ActiveCfg = Debug|Any CPU
		{5C6FDB4D-6772-4457-90FB-1E85C4F8834F}.Debug|Any CPU.Build.0 = Debug|Any CPU
		{5C6FDB4D-6772-4457-90FB-1E85C4F8834F}.Release|Any CPU.ActiveCfg = Release|Any CPU
		{5C6FDB4D-6772-4457-90FB-1E85C4F8834F}.Release|Any CPU.Build.0 = Release|Any CPU
	EndGlobalSection
	GlobalSection(SolutionProperties) = preSolution
		HideSolutionNode = FALSE
	EndGlobalSection
	GlobalSection(NestedProjects) = preSolution
		{7565C34D-1368-44DD-9D94-B0150E8F42FF} = {48663B45-229D-4C6C-86D9-1F62E4760F1A}
		{ECFD0F5D-58FC-47A8-A6E9-E9B2177A13F5} = {EC3153F9-ECBF-44E5-99C3-73804EF1128E}
		{F945420F-DCE1-4B22-87C7-34D427E0B77E} = {F3CDC49C-60FD-49C7-B4CE-6578F6C59A51}
		{7CBEE009-E357-48D5-BF39-8F655E09FF2F} = {A9D06280-380B-49BB-BB07-37A70F503CA7}
		{C1228B97-7CC7-4A18-BEB4-FB91A480575E} = {C155B40F-0CA6-438A-BC2D-E4BD35C09C70}
		{3E1B920F-418C-4FC8-A769-72B546C8029C} = {E0AD0580-5782-41E4-8D1F-8BC2A8579BB9}
		{5C6FDB4D-6772-4457-90FB-1E85C4F8834F} = {CC1E7A90-4F41-4528-BB9A-ED4ADF94255A}
	EndGlobalSection
	GlobalSection(ExtensibilityGlobals) = postSolution
		SolutionGuid = {729E2CFF-6A84-4F3B-B69D-C1405640D16F}
	EndGlobalSection
EndGlobal
